
Microsoft Visual Studio Solution File, Format Version 12.00
# Visual Studio 2012
Project("{FAE04EC0-301F-11D3-BF4B-00C04F79EFBC}") = "SimpleOrderRouting", "SimpleOrderRouting\SimpleOrderRouting.csproj", "{00DD3731-E815-4770-BE17-4F17BFEC4171}"
EndProject
Project("{2150E333-8FDC-42A3-9474-1A3956D46DE8}") = "Solution Items", "Solution Items", "{AE7BEF9F-3190-4A0C-AF57-F9B3E844FC01}"
	ProjectSection(SolutionItems) = preProject
		Backlog.md = Backlog.md
		DoD.md = DoD.md
		LICENSE.txt = LICENSE.txt
		Readme.md = Readme.md
		Settings.StyleCop = Settings.StyleCop
	EndProjectSection
EndProject
Project("{FAE04EC0-301F-11D3-BF4B-00C04F79EFBC}") = "SimpleOrderRouting.Tests", "SimpleOrderRouting.Tests\SimpleOrderRouting.Tests.csproj", "{7F099472-E44E-4252-BBB8-633BF48EECBB}"
EndProject
Project("{2150E333-8FDC-42A3-9474-1A3956D46DE8}") = ".nuget", ".nuget", "{F7A88DF0-5710-4A1C-9F9B-3D1C36D60186}"
	ProjectSection(SolutionItems) = preProject
		.nuget\NuGet.Config = .nuget\NuGet.Config
		.nuget\NuGet.exe = .nuget\NuGet.exe
		.nuget\NuGet.targets = .nuget\NuGet.targets
	EndProjectSection
EndProject
Global
	GlobalSection(SolutionConfigurationPlatforms) = preSolution
		Debug|Any CPU = Debug|Any CPU
		Release|Any CPU = Release|Any CPU
	EndGlobalSection
	GlobalSection(ProjectConfigurationPlatforms) = postSolution
		{00DD3731-E815-4770-BE17-4F17BFEC4171}.Debug|Any CPU.ActiveCfg = Debug|Any CPU
		{00DD3731-E815-4770-BE17-4F17BFEC4171}.Debug|Any CPU.Build.0 = Debug|Any CPU
		{00DD3731-E815-4770-BE17-4F17BFEC4171}.Release|Any CPU.ActiveCfg = Release|Any CPU
		{00DD3731-E815-4770-BE17-4F17BFEC4171}.Release|Any CPU.Build.0 = Release|Any CPU
		{7F099472-E44E-4252-BBB8-633BF48EECBB}.Debug|Any CPU.ActiveCfg = Debug|Any CPU
		{7F099472-E44E-4252-BBB8-633BF48EECBB}.Debug|Any CPU.Build.0 = Debug|Any CPU
		{7F099472-E44E-4252-BBB8-633BF48EECBB}.Release|Any CPU.ActiveCfg = Release|Any CPU
		{7F099472-E44E-4252-BBB8-633BF48EECBB}.Release|Any CPU.Build.0 = Release|Any CPU
	EndGlobalSection
	GlobalSection(SolutionProperties) = preSolution
		HideSolutionNode = FALSE
	EndGlobalSection
EndGlobal
